
Microsoft Visual Studio Solution File, Format Version 12.00
# Visual Studio Version 17
VisualStudioVersion = 17.3.32825.248
MinimumVisualStudioVersion = 10.0.40219.1
Project("{2150E333-8FDC-42A3-9474-1A3956D46DE8}") = "FrontEnd", "FrontEnd", "{B4617A68-3474-4C6C-BF6A-94D3A03A8F76}"
EndProject
Project("{2150E333-8FDC-42A3-9474-1A3956D46DE8}") = "Services", "Services", "{E03E0B8D-0BC1-4987-AD86-1CF1B604E8F4}"
EndProject
Project("{FAE04EC0-301F-11D3-BF4B-00C04F79EFBC}") = "DemoShopping.WebApp", "DemoShopping.WebApp\DemoShopping.WebApp.csproj", "{2B7B8E7F-3D73-4B71-8C58-C8B9A5F21F53}"
EndProject
Global
	GlobalSection(SolutionConfigurationPlatforms) = preSolution
		Debug|Any CPU = Debug|Any CPU
		Release|Any CPU = Release|Any CPU
	EndGlobalSection
	GlobalSection(ProjectConfigurationPlatforms) = postSolution
		{2B7B8E7F-3D73-4B71-8C58-C8B9A5F21F53}.Debug|Any CPU.ActiveCfg = Debug|Any CPU
		{2B7B8E7F-3D73-4B71-8C58-C8B9A5F21F53}.Debug|Any CPU.Build.0 = Debug|Any CPU
		{2B7B8E7F-3D73-4B71-8C58-C8B9A5F21F53}.Release|Any CPU.ActiveCfg = Release|Any CPU
		{2B7B8E7F-3D73-4B71-8C58-C8B9A5F21F53}.Release|Any CPU.Build.0 = Release|Any CPU
	EndGlobalSection
	GlobalSection(SolutionProperties) = preSolution
		HideSolutionNode = FALSE
	EndGlobalSection
	GlobalSection(NestedProjects) = preSolution
		{2B7B8E7F-3D73-4B71-8C58-C8B9A5F21F53} = {B4617A68-3474-4C6C-BF6A-94D3A03A8F76}
	EndGlobalSection
	GlobalSection(ExtensibilityGlobals) = postSolution
		SolutionGuid = {F8F5C1E6-BB61-47B1-94C3-C292A1F48D83}
	EndGlobalSection
EndGlobal
